// !$*UTF8*$!
{
	archiveVersion = 1;
	classes = {
	};
	objectVersion = 46;
	objects = {

/* Begin PBXBuildFile section */
		BB9481521EAB8EBC00910D69 /* AppDelegate.swift in Sources */ = {isa = PBXBuildFile; fileRef = BB9481511EAB8EBC00910D69 /* AppDelegate.swift */; };
		BB9481541EAB8EBC00910D69 /* ViewController.swift in Sources */ = {isa = PBXBuildFile; fileRef = BB9481531EAB8EBC00910D69 /* ViewController.swift */; };
		BB9481561EAB8EBC00910D69 /* Assets.xcassets in Resources */ = {isa = PBXBuildFile; fileRef = BB9481551EAB8EBC00910D69 /* Assets.xcassets */; };
		BB9481591EAB8EBC00910D69 /* Main.storyboard in Resources */ = {isa = PBXBuildFile; fileRef = BB9481571EAB8EBC00910D69 /* Main.storyboard */; };
		BBE8098F1EAB9FF70069EDDE /* SpeechText.swift in Sources */ = {isa = PBXBuildFile; fileRef = BBE8098E1EAB9FF70069EDDE /* SpeechText.swift */; };
		BBE809911EABA1820069EDDE /* SocketManager.swift in Sources */ = {isa = PBXBuildFile; fileRef = BBE809901EABA1820069EDDE /* SocketManager.swift */; };
		BBE809951EABC19E0069EDDE /* NSView+Screenshots.m in Sources */ = {isa = PBXBuildFile; fileRef = BBE809941EABC19E0069EDDE /* NSView+Screenshots.m */; };
		C33D46AA45299E3B19C4AD94 /* Pods_OSX_client_cam.framework in Frameworks */ = {isa = PBXBuildFile; fileRef = 6F9480052D8A5E37FE538C82 /* Pods_OSX_client_cam.framework */; };
/* End PBXBuildFile section */

/* Begin PBXFileReference section */
		6F9480052D8A5E37FE538C82 /* Pods_OSX_client_cam.framework */ = {isa = PBXFileReference; explicitFileType = wrapper.framework; includeInIndex = 0; path = Pods_OSX_client_cam.framework; sourceTree = BUILT_PRODUCTS_DIR; };
		BB94814E1EAB8EBC00910D69 /* OSX-client-cam.app */ = {isa = PBXFileReference; explicitFileType = wrapper.application; includeInIndex = 0; path = "OSX-client-cam.app"; sourceTree = BUILT_PRODUCTS_DIR; };
		BB9481511EAB8EBC00910D69 /* AppDelegate.swift */ = {isa = PBXFileReference; lastKnownFileType = sourcecode.swift; path = AppDelegate.swift; sourceTree = "<group>"; };
		BB9481531EAB8EBC00910D69 /* ViewController.swift */ = {isa = PBXFileReference; lastKnownFileType = sourcecode.swift; path = ViewController.swift; sourceTree = "<group>"; };
		BB9481551EAB8EBC00910D69 /* Assets.xcassets */ = {isa = PBXFileReference; lastKnownFileType = folder.assetcatalog; path = Assets.xcassets; sourceTree = "<group>"; };
		BB9481581EAB8EBC00910D69 /* Base */ = {isa = PBXFileReference; lastKnownFileType = file.storyboard; name = Base; path = Base.lproj/Main.storyboard; sourceTree = "<group>"; };
		BB94815A1EAB8EBC00910D69 /* Info.plist */ = {isa = PBXFileReference; lastKnownFileType = text.plist.xml; path = Info.plist; sourceTree = "<group>"; };
		BBE8098E1EAB9FF70069EDDE /* SpeechText.swift */ = {isa = PBXFileReference; fileEncoding = 4; lastKnownFileType = sourcecode.swift; path = SpeechText.swift; sourceTree = "<group>"; };
		BBE809901EABA1820069EDDE /* SocketManager.swift */ = {isa = PBXFileReference; fileEncoding = 4; lastKnownFileType = sourcecode.swift; path = SocketManager.swift; sourceTree = "<group>"; };
		BBE809921EABC19E0069EDDE /* OSX-client-cam-Bridging-Header.h */ = {isa = PBXFileReference; lastKnownFileType = sourcecode.c.h; path = "OSX-client-cam-Bridging-Header.h"; sourceTree = "<group>"; };
		BBE809931EABC19E0069EDDE /* NSView+Screenshots.h */ = {isa = PBXFileReference; fileEncoding = 4; lastKnownFileType = sourcecode.c.h; path = "NSView+Screenshots.h"; sourceTree = "<group>"; };
		BBE809941EABC19E0069EDDE /* NSView+Screenshots.m */ = {isa = PBXFileReference; fileEncoding = 4; lastKnownFileType = sourcecode.c.objc; path = "NSView+Screenshots.m"; sourceTree = "<group>"; };
		C1A70CC3B757A9B3F2CFF078 /* Pods-OSX-client-cam.release.xcconfig */ = {isa = PBXFileReference; includeInIndex = 1; lastKnownFileType = text.xcconfig; name = "Pods-OSX-client-cam.release.xcconfig"; path = "Pods/Target Support Files/Pods-OSX-client-cam/Pods-OSX-client-cam.release.xcconfig"; sourceTree = "<group>"; };
		D6A719C2169CFE372097F691 /* Pods-OSX-client-cam.debug.xcconfig */ = {isa = PBXFileReference; includeInIndex = 1; lastKnownFileType = text.xcconfig; name = "Pods-OSX-client-cam.debug.xcconfig"; path = "Pods/Target Support Files/Pods-OSX-client-cam/Pods-OSX-client-cam.debug.xcconfig"; sourceTree = "<group>"; };
/* End PBXFileReference section */

/* Begin PBXFrameworksBuildPhase section */
		BB94814B1EAB8EBC00910D69 /* Frameworks */ = {
			isa = PBXFrameworksBuildPhase;
			buildActionMask = 2147483647;
			files = (
				C33D46AA45299E3B19C4AD94 /* Pods_OSX_client_cam.framework in Frameworks */,
			);
			runOnlyForDeploymentPostprocessing = 0;
		};
/* End PBXFrameworksBuildPhase section */

/* Begin PBXGroup section */
		531E1E178E1D8170B99C6F82 /* Frameworks */ = {
			isa = PBXGroup;
			children = (
				6F9480052D8A5E37FE538C82 /* Pods_OSX_client_cam.framework */,
			);
			name = Frameworks;
			sourceTree = "<group>";
		};
		61EFE7B52CA407D49650E30D /* Pods */ = {
			isa = PBXGroup;
			children = (
				D6A719C2169CFE372097F691 /* Pods-OSX-client-cam.debug.xcconfig */,
				C1A70CC3B757A9B3F2CFF078 /* Pods-OSX-client-cam.release.xcconfig */,
			);
			name = Pods;
			sourceTree = "<group>";
		};
		BB9481451EAB8EBC00910D69 = {
			isa = PBXGroup;
			children = (
				BB9481501EAB8EBC00910D69 /* OSX-client-cam */,
				BB94814F1EAB8EBC00910D69 /* Products */,
				61EFE7B52CA407D49650E30D /* Pods */,
				531E1E178E1D8170B99C6F82 /* Frameworks */,
			);
			sourceTree = "<group>";
		};
		BB94814F1EAB8EBC00910D69 /* Products */ = {
			isa = PBXGroup;
			children = (
				BB94814E1EAB8EBC00910D69 /* OSX-client-cam.app */,
			);
			name = Products;
			sourceTree = "<group>";
		};
		BB9481501EAB8EBC00910D69 /* OSX-client-cam */ = {
			isa = PBXGroup;
			children = (
				BB9481511EAB8EBC00910D69 /* AppDelegate.swift */,
				BBE809901EABA1820069EDDE /* SocketManager.swift */,
				BBE8098E1EAB9FF70069EDDE /* SpeechText.swift */,
				BB9481531EAB8EBC00910D69 /* ViewController.swift */,
				BB9481551EAB8EBC00910D69 /* Assets.xcassets */,
				BB9481571EAB8EBC00910D69 /* Main.storyboard */,
				BB94815A1EAB8EBC00910D69 /* Info.plist */,
				BBE809931EABC19E0069EDDE /* NSView+Screenshots.h */,
				BBE809941EABC19E0069EDDE /* NSView+Screenshots.m */,
				BBE809921EABC19E0069EDDE /* OSX-client-cam-Bridging-Header.h */,
			);
			path = "OSX-client-cam";
			sourceTree = "<group>";
		};
/* End PBXGroup section */

/* Begin PBXNativeTarget section */
		BB94814D1EAB8EBC00910D69 /* OSX-client-cam */ = {
			isa = PBXNativeTarget;
			buildConfigurationList = BB94815D1EAB8EBC00910D69 /* Build configuration list for PBXNativeTarget "OSX-client-cam" */;
			buildPhases = (
				051CA56700E4680769A92BE2 /* [CP] Check Pods Manifest.lock */,
				BB94814A1EAB8EBC00910D69 /* Sources */,
				BB94814B1EAB8EBC00910D69 /* Frameworks */,
				BB94814C1EAB8EBC00910D69 /* Resources */,
				26310F6296B3D585B21A35D8 /* [CP] Embed Pods Frameworks */,
				A3B8F0BB0A402729BFC6BF61 /* [CP] Copy Pods Resources */,
			);
			buildRules = (
			);
			dependencies = (
			);
			name = "OSX-client-cam";
			productName = "OSX-client-cam";
			productReference = BB94814E1EAB8EBC00910D69 /* OSX-client-cam.app */;
			productType = "com.apple.product-type.application";
		};
/* End PBXNativeTarget section */

/* Begin PBXProject section */
		BB9481461EAB8EBC00910D69 /* Project object */ = {
			isa = PBXProject;
			attributes = {
				LastSwiftUpdateCheck = 0830;
				LastUpgradeCheck = 0830;
				ORGANIZATIONNAME = "Remi Robert";
				TargetAttributes = {
					BB94814D1EAB8EBC00910D69 = {
						CreatedOnToolsVersion = 8.3;
						DevelopmentTeam = 44Q2J6374R;
						LastSwiftMigration = 0830;
						ProvisioningStyle = Automatic;
					};
				};
			};
			buildConfigurationList = BB9481491EAB8EBC00910D69 /* Build configuration list for PBXProject "OSX-client-cam" */;
			compatibilityVersion = "Xcode 3.2";
			developmentRegion = English;
			hasScannedForEncodings = 0;
			knownRegions = (
				en,
				Base,
			);
			mainGroup = BB9481451EAB8EBC00910D69;
			productRefGroup = BB94814F1EAB8EBC00910D69 /* Products */;
			projectDirPath = "";
			projectRoot = "";
			targets = (
				BB94814D1EAB8EBC00910D69 /* OSX-client-cam */,
			);
		};
/* End PBXProject section */

/* Begin PBXResourcesBuildPhase section */
		BB94814C1EAB8EBC00910D69 /* Resources */ = {
			isa = PBXResourcesBuildPhase;
			buildActionMask = 2147483647;
			files = (
				BB9481561EAB8EBC00910D69 /* Assets.xcassets in Resources */,
				BB9481591EAB8EBC00910D69 /* Main.storyboard in Resources */,
			);
			runOnlyForDeploymentPostprocessing = 0;
		};
/* End PBXResourcesBuildPhase section */

/* Begin PBXShellScriptBuildPhase section */
		051CA56700E4680769A92BE2 /* [CP] Check Pods Manifest.lock */ = {
			isa = PBXShellScriptBuildPhase;
			buildActionMask = 2147483647;
			files = (
			);
			inputPaths = (
			);
			name = "[CP] Check Pods Manifest.lock";
			outputPaths = (
			);
			runOnlyForDeploymentPostprocessing = 0;
			shellPath = /bin/sh;
			shellScript = "diff \"${PODS_ROOT}/../Podfile.lock\" \"${PODS_ROOT}/Manifest.lock\" > /dev/null\nif [ $? != 0 ] ; then\n    # print error to STDERR\n    echo \"error: The sandbox is not in sync with the Podfile.lock. Run 'pod install' or update your CocoaPods installation.\" >&2\n    exit 1\nfi\n";
			showEnvVarsInLog = 0;
		};
		26310F6296B3D585B21A35D8 /* [CP] Embed Pods Frameworks */ = {
			isa = PBXShellScriptBuildPhase;
			buildActionMask = 2147483647;
			files = (
			);
			inputPaths = (
			);
			name = "[CP] Embed Pods Frameworks";
			outputPaths = (
			);
			runOnlyForDeploymentPostprocessing = 0;
			shellPath = /bin/sh;
			shellScript = "\"${SRCROOT}/Pods/Target Support Files/Pods-OSX-client-cam/Pods-OSX-client-cam-frameworks.sh\"\n";
			showEnvVarsInLog = 0;
		};
		A3B8F0BB0A402729BFC6BF61 /* [CP] Copy Pods Resources */ = {
			isa = PBXShellScriptBuildPhase;
			buildActionMask = 2147483647;
			files = (
			);
			inputPaths = (
			);
			name = "[CP] Copy Pods Resources";
			outputPaths = (
			);
			runOnlyForDeploymentPostprocessing = 0;
			shellPath = /bin/sh;
			shellScript = "\"${SRCROOT}/Pods/Target Support Files/Pods-OSX-client-cam/Pods-OSX-client-cam-resources.sh\"\n";
			showEnvVarsInLog = 0;
		};
/* End PBXShellScriptBuildPhase section */

/* Begin PBXSourcesBuildPhase section */
		BB94814A1EAB8EBC00910D69 /* Sources */ = {
			isa = PBXSourcesBuildPhase;
			buildActionMask = 2147483647;
			files = (
				BBE809951EABC19E0069EDDE /* NSView+Screenshots.m in Sources */,
				BB9481541EAB8EBC00910D69 /* ViewController.swift in Sources */,
				BB9481521EAB8EBC00910D69 /* AppDelegate.swift in Sources */,
				BBE809911EABA1820069EDDE /* SocketManager.swift in Sources */,
				BBE8098F1EAB9FF70069EDDE /* SpeechText.swift in Sources */,
			);
			runOnlyForDeploymentPostprocessing = 0;
		};
/* End PBXSourcesBuildPhase section */

/* Begin PBXVariantGroup section */
		BB9481571EAB8EBC00910D69 /* Main.storyboard */ = {
			isa = PBXVariantGroup;
			children = (
				BB9481581EAB8EBC00910D69 /* Base */,
			);
			name = Main.storyboard;
			sourceTree = "<group>";
		};
/* End PBXVariantGroup section */

/* Begin XCBuildConfiguration section */
		BB94815B1EAB8EBC00910D69 /* Debug */ = {
			isa = XCBuildConfiguration;
			buildSettings = {
				ALWAYS_SEARCH_USER_PATHS = NO;
				CLANG_ANALYZER_NONNULL = YES;
				CLANG_ANALYZER_NUMBER_OBJECT_CONVERSION = YES_AGGRESSIVE;
				CLANG_CXX_LANGUAGE_STANDARD = "gnu++0x";
				CLANG_CXX_LIBRARY = "libc++";
				CLANG_ENABLE_MODULES = YES;
				CLANG_ENABLE_OBJC_ARC = YES;
				CLANG_WARN_BOOL_CONVERSION = YES;
				CLANG_WARN_CONSTANT_CONVERSION = YES;
				CLANG_WARN_DIRECT_OBJC_ISA_USAGE = YES_ERROR;
				CLANG_WARN_DOCUMENTATION_COMMENTS = YES;
				CLANG_WARN_EMPTY_BODY = YES;
				CLANG_WARN_ENUM_CONVERSION = YES;
				CLANG_WARN_INFINITE_RECURSION = YES;
				CLANG_WARN_INT_CONVERSION = YES;
				CLANG_WARN_OBJC_ROOT_CLASS = YES_ERROR;
				CLANG_WARN_SUSPICIOUS_MOVE = YES;
				CLANG_WARN_UNREACHABLE_CODE = YES;
				CLANG_WARN__DUPLICATE_METHOD_MATCH = YES;
				CODE_SIGN_IDENTITY = "-";
				COPY_PHASE_STRIP = NO;
				DEBUG_INFORMATION_FORMAT = dwarf;
				ENABLE_STRICT_OBJC_MSGSEND = YES;
				ENABLE_TESTABILITY = YES;
				GCC_C_LANGUAGE_STANDARD = gnu99;
				GCC_DYNAMIC_NO_PIC = NO;
				GCC_NO_COMMON_BLOCKS = YES;
				GCC_OPTIMIZATION_LEVEL = 0;
				GCC_PREPROCESSOR_DEFINITIONS = (
					"DEBUG=1",
					"$(inherited)",
				);
				GCC_WARN_64_TO_32_BIT_CONVERSION = YES;
				GCC_WARN_ABOUT_RETURN_TYPE = YES_ERROR;
				GCC_WARN_UNDECLARED_SELECTOR = YES;
				GCC_WARN_UNINITIALIZED_AUTOS = YES_AGGRESSIVE;
				GCC_WARN_UNUSED_FUNCTION = YES;
				GCC_WARN_UNUSED_VARIABLE = YES;
				MACOSX_DEPLOYMENT_TARGET = 10.12;
				MTL_ENABLE_DEBUG_INFO = YES;
				ONLY_ACTIVE_ARCH = YES;
				SDKROOT = macosx;
				SWIFT_ACTIVE_COMPILATION_CONDITIONS = DEBUG;
				SWIFT_OPTIMIZATION_LEVEL = "-Onone";
			};
			name = Debug;
		};
		BB94815C1EAB8EBC00910D69 /* Release */ = {
			isa = XCBuildConfiguration;
			buildSettings = {
				ALWAYS_SEARCH_USER_PATHS = NO;
				CLANG_ANALYZER_NONNULL = YES;
				CLANG_ANALYZER_NUMBER_OBJECT_CONVERSION = YES_AGGRESSIVE;
				CLANG_CXX_LANGUAGE_STANDARD = "gnu++0x";
				CLANG_CXX_LIBRARY = "libc++";
				CLANG_ENABLE_MODULES = YES;
				CLANG_ENABLE_OBJC_ARC = YES;
				CLANG_WARN_BOOL_CONVERSION = YES;
				CLANG_WARN_CONSTANT_CONVERSION = YES;
				CLANG_WARN_DIRECT_OBJC_ISA_USAGE = YES_ERROR;
				CLANG_WARN_DOCUMENTATION_COMMENTS = YES;
				CLANG_WARN_EMPTY_BODY = YES;
				CLANG_WARN_ENUM_CONVERSION = YES;
				CLANG_WARN_INFINITE_RECURSION = YES;
				CLANG_WARN_INT_CONVERSION = YES;
				CLANG_WARN_OBJC_ROOT_CLASS = YES_ERROR;
				CLANG_WARN_SUSPICIOUS_MOVE = YES;
				CLANG_WARN_UNREACHABLE_CODE = YES;
				CLANG_WARN__DUPLICATE_METHOD_MATCH = YES;
				CODE_SIGN_IDENTITY = "-";
				COPY_PHASE_STRIP = NO;
				DEBUG_INFORMATION_FORMAT = "dwarf-with-dsym";
				ENABLE_NS_ASSERTIONS = NO;
				ENABLE_STRICT_OBJC_MSGSEND = YES;
				GCC_C_LANGUAGE_STANDARD = gnu99;
				GCC_NO_COMMON_BLOCKS = YES;
				GCC_WARN_64_TO_32_BIT_CONVERSION = YES;
				GCC_WARN_ABOUT_RETURN_TYPE = YES_ERROR;
				GCC_WARN_UNDECLARED_SELECTOR = YES;
				GCC_WARN_UNINITIALIZED_AUTOS = YES_AGGRESSIVE;
				GCC_WARN_UNUSED_FUNCTION = YES;
				GCC_WARN_UNUSED_VARIABLE = YES;
				MACOSX_DEPLOYMENT_TARGET = 10.12;
				MTL_ENABLE_DEBUG_INFO = NO;
				SDKROOT = macosx;
				SWIFT_OPTIMIZATION_LEVEL = "-Owholemodule";
			};
			name = Release;
		};
		BB94815E1EAB8EBC00910D69 /* Debug */ = {
			isa = XCBuildConfiguration;
			baseConfigurationReference = D6A719C2169CFE372097F691 /* Pods-OSX-client-cam.debug.xcconfig */;
			buildSettings = {
				ASSETCATALOG_COMPILER_APPICON_NAME = AppIcon;
				CLANG_ENABLE_MODULES = YES;
				COMBINE_HIDPI_IMAGES = YES;
				DEVELOPMENT_TEAM = 44Q2J6374R;
				INFOPLIST_FILE = "OSX-client-cam/Info.plist";
				LD_RUNPATH_SEARCH_PATHS = "$(inherited) @executable_path/../Frameworks";
				PRODUCT_BUNDLE_IDENTIFIER = "com.remirobert.OSX-client-cam";
				PRODUCT_NAME = "$(TARGET_NAME)";
				SWIFT_OBJC_BRIDGING_HEADER = "OSX-client-cam/OSX-client-cam-Bridging-Header.h";
				SWIFT_OPTIMIZATION_LEVEL = "-Onone";
				SWIFT_VERSION = 3.0;
			};
			name = Debug;
		};
		BB94815F1EAB8EBC00910D69 /* Release */ = {
			isa = XCBuildConfiguration;
			baseConfigurationReference = C1A70CC3B757A9B3F2CFF078 /* Pods-OSX-client-cam.release.xcconfig */;
			buildSettings = {
				ASSETCATALOG_COMPILER_APPICON_NAME = AppIcon;
				CLANG_ENABLE_MODULES = YES;
				COMBINE_HIDPI_IMAGES = YES;
				DEVELOPMENT_TEAM = 44Q2J6374R;
				INFOPLIST_FILE = "OSX-client-cam/Info.plist";
				LD_RUNPATH_SEARCH_PATHS = "$(inherited) @executable_path/../Frameworks";
				PRODUCT_BUNDLE_IDENTIFIER = "com.remirobert.OSX-client-cam";
				PRODUCT_NAME = "$(TARGET_NAME)";
				SWIFT_OBJC_BRIDGING_HEADER = "OSX-client-cam/OSX-client-cam-Bridging-Header.h";
				SWIFT_VERSION = 3.0;
			};
			name = Release;
		};
/* End XCBuildConfiguration section */

/* Begin XCConfigurationList section */
		BB9481491EAB8EBC00910D69 /* Build configuration list for PBXProject "OSX-client-cam" */ = {
			isa = XCConfigurationList;
			buildConfigurations = (
				BB94815B1EAB8EBC00910D69 /* Debug */,
				BB94815C1EAB8EBC00910D69 /* Release */,
			);
			defaultConfigurationIsVisible = 0;
			defaultConfigurationName = Release;
		};
		BB94815D1EAB8EBC00910D69 /* Build configuration list for PBXNativeTarget "OSX-client-cam" */ = {
			isa = XCConfigurationList;
			buildConfigurations = (
				BB94815E1EAB8EBC00910D69 /* Debug */,
				BB94815F1EAB8EBC00910D69 /* Release */,
			);
			defaultConfigurationIsVisible = 0;
			defaultConfigurationName = Release;
		};
/* End XCConfigurationList section */
	};
	rootObject = BB9481461EAB8EBC00910D69 /* Project object */;
}
